{
  "name": "w0-physics-parity",
  "version": "0.0.0",
  "lockfileVersion": 3,
  "requires": true,
  "packages": {
    "": {
      "name": "w0-physics-parity",
      "version": "0.0.0",
      "dependencies": {
        "@dimforge/rapier3d-compat": "0.19.3"
      }
    },
    "node_modules/@dimforge/rapier3d-compat": {
      "version": "0.19.3",
      "resolved": "https://registry.npmjs.org/@dimforge/rapier3d-compat/-/rapier3d-compat-0.19.3.tgz",
      "integrity": "sha512-mMVdSj1PRTT108s9Swbu2GQOmHbn8kbJANRV5xfczL3s0T4vkgZAuoMRgvBzQcHanpKusbC0ZJj6z3mC3aj3vg==",
      "license": "Apache-2.0"
    }
  }
}
